
Microsoft Visual Studio Solution File, Format Version 12.00
# Visual Studio Version 17
VisualStudioVersion = 17.2.32516.85
MinimumVisualStudioVersion = 10.0.40219.1
Project("{FAE04EC0-301F-11D3-BF4B-00C04F79EFBC}") = "FeatureToggeling", "FeatureToggeling.csproj", "{F15AAD2C-ADA1-4D11-A174-17FFF4B6B9DC}"
EndProject
Global
	GlobalSection(SolutionConfigurationPlatforms) = preSolution
		Debug|Any CPU = Debug|Any CPU
		Release|Any CPU = Release|Any CPU
	EndGlobalSection
	GlobalSection(ProjectConfigurationPlatforms) = postSolution
		{F15AAD2C-ADA1-4D11-A174-17FFF4B6B9DC}.Debug|Any CPU.ActiveCfg = Debug|Any CPU
		{F15AAD2C-ADA1-4D11-A174-17FFF4B6B9DC}.Debug|Any CPU.Build.0 = Debug|Any CPU
		{F15AAD2C-ADA1-4D11-A174-17FFF4B6B9DC}.Release|Any CPU.ActiveCfg = Release|Any CPU
		{F15AAD2C-ADA1-4D11-A174-17FFF4B6B9DC}.Release|Any CPU.Build.0 = Release|Any CPU
	EndGlobalSection
	GlobalSection(SolutionProperties) = preSolution
		HideSolutionNode = FALSE
	EndGlobalSection
	GlobalSection(ExtensibilityGlobals) = postSolution
		SolutionGuid = {8837221F-4EE1-4CA6-8E39-10349C5E9EEA}
	EndGlobalSection
EndGlobal
